
Microsoft Visual Studio Solution File, Format Version 12.00
# Visual Studio Version 17
VisualStudioVersion = 17.2.32616.157
MinimumVisualStudioVersion = 10.0.40219.1
Project("{FAE04EC0-301F-11D3-BF4B-00C04F79EFBC}") = "octur-leticiatakenaka-guilherme", "octur-leticiatakenaka-guilherme\octur-leticiatakenaka-guilherme.csproj", "{9C69A124-BB22-422A-B7B4-E81344559B4D}"
EndProject
Global
	GlobalSection(SolutionConfigurationPlatforms) = preSolution
		Debug|Any CPU = Debug|Any CPU
		Release|Any CPU = Release|Any CPU
	EndGlobalSection
	GlobalSection(ProjectConfigurationPlatforms) = postSolution
		{9C69A124-BB22-422A-B7B4-E81344559B4D}.Debug|Any CPU.ActiveCfg = Debug|Any CPU
		{9C69A124-BB22-422A-B7B4-E81344559B4D}.Debug|Any CPU.Build.0 = Debug|Any CPU
		{9C69A124-BB22-422A-B7B4-E81344559B4D}.Release|Any CPU.ActiveCfg = Release|Any CPU
		{9C69A124-BB22-422A-B7B4-E81344559B4D}.Release|Any CPU.Build.0 = Release|Any CPU
	EndGlobalSection
	GlobalSection(SolutionProperties) = preSolution
		HideSolutionNode = FALSE
	EndGlobalSection
	GlobalSection(ExtensibilityGlobals) = postSolution
		SolutionGuid = {BFE670E4-BC2B-4503-AC23-1DA3698937BA}
	EndGlobalSection
EndGlobal
